
Microsoft Visual Studio Solution File, Format Version 12.00
# Visual Studio Version 16
VisualStudioVersion = 16.0.31624.102
MinimumVisualStudioVersion = 10.0.40219.1
Project("{FAE04EC0-301F-11D3-BF4B-00C04F79EFBC}") = "CarWebService", "CarWebService\CarWebService.csproj", "{4CCAE8EB-9BE0-4DFD-8C3E-777BC7F71B2C}"
EndProject
Project("{FAE04EC0-301F-11D3-BF4B-00C04F79EFBC}") = "CarWebService.Tests", "CarWebService.Tests\CarWebService.Tests.csproj", "{2F221BBA-FE81-4163-B698-8F661C0E2153}"
EndProject
Global
	GlobalSection(SolutionConfigurationPlatforms) = preSolution
		Debug|Any CPU = Debug|Any CPU
		Release|Any CPU = Release|Any CPU
	EndGlobalSection
	GlobalSection(ProjectConfigurationPlatforms) = postSolution
		{4CCAE8EB-9BE0-4DFD-8C3E-777BC7F71B2C}.Debug|Any CPU.ActiveCfg = Debug|Any CPU
		{4CCAE8EB-9BE0-4DFD-8C3E-777BC7F71B2C}.Debug|Any CPU.Build.0 = Debug|Any CPU
		{4CCAE8EB-9BE0-4DFD-8C3E-777BC7F71B2C}.Release|Any CPU.ActiveCfg = Release|Any CPU
		{4CCAE8EB-9BE0-4DFD-8C3E-777BC7F71B2C}.Release|Any CPU.Build.0 = Release|Any CPU
		{2F221BBA-FE81-4163-B698-8F661C0E2153}.Debug|Any CPU.ActiveCfg = Debug|Any CPU
		{2F221BBA-FE81-4163-B698-8F661C0E2153}.Debug|Any CPU.Build.0 = Debug|Any CPU
		{2F221BBA-FE81-4163-B698-8F661C0E2153}.Release|Any CPU.ActiveCfg = Release|Any CPU
		{2F221BBA-FE81-4163-B698-8F661C0E2153}.Release|Any CPU.Build.0 = Release|Any CPU
	EndGlobalSection
	GlobalSection(SolutionProperties) = preSolution
		HideSolutionNode = FALSE
	EndGlobalSection
	GlobalSection(ExtensibilityGlobals) = postSolution
		SolutionGuid = {53159B80-9D29-40CC-A041-638E46E46267}
	EndGlobalSection
EndGlobal
